
Microsoft Visual Studio Solution File, Format Version 12.00
# Visual Studio Version 16
VisualStudioVersion = 16.0.31515.178
MinimumVisualStudioVersion = 10.0.40219.1
Project("{FAE04EC0-301F-11D3-BF4B-00C04F79EFBC}") = "AspNetCoreReact", "AspNetCoreReact.csproj", "{C8E9E09F-3A57-4A1E-93FF-938CD384F860}"
EndProject
Global
	GlobalSection(SolutionConfigurationPlatforms) = preSolution
		Debug|Any CPU = Debug|Any CPU
		Release|Any CPU = Release|Any CPU
	EndGlobalSection
	GlobalSection(ProjectConfigurationPlatforms) = postSolution
		{C8E9E09F-3A57-4A1E-93FF-938CD384F860}.Debug|Any CPU.ActiveCfg = Debug|Any CPU
		{C8E9E09F-3A57-4A1E-93FF-938CD384F860}.Debug|Any CPU.Build.0 = Debug|Any CPU
		{C8E9E09F-3A57-4A1E-93FF-938CD384F860}.Release|Any CPU.ActiveCfg = Release|Any CPU
		{C8E9E09F-3A57-4A1E-93FF-938CD384F860}.Release|Any CPU.Build.0 = Release|Any CPU
	EndGlobalSection
	GlobalSection(SolutionProperties) = preSolution
		HideSolutionNode = FALSE
	EndGlobalSection
	GlobalSection(ExtensibilityGlobals) = postSolution
		SolutionGuid = {1BCD2A42-C63F-4978-BF97-D92437186C40}
	EndGlobalSection
EndGlobal
